
Microsoft Visual Studio Solution File, Format Version 12.00
# Visual Studio Version 17
VisualStudioVersion = 17.0.32112.339
MinimumVisualStudioVersion = 10.0.40219.1
Project("{8BC9CEB8-8B4A-11D0-8D11-00A0C91BC942}") = "MIPS Emulator", "MIPS Emulator\MIPS Emulator.vcxproj", "{9C3166D7-8103-4510-AAF1-BC106B1D851B}"
EndProject
Global
	GlobalSection(SolutionConfigurationPlatforms) = preSolution
		Debug|x64 = Debug|x64
		Debug|x86 = Debug|x86
		Release|x64 = Release|x64
		Release|x86 = Release|x86
	EndGlobalSection
	GlobalSection(ProjectConfigurationPlatforms) = postSolution
		{9C3166D7-8103-4510-AAF1-BC106B1D851B}.Debug|x64.ActiveCfg = Debug|x64
		{9C3166D7-8103-4510-AAF1-BC106B1D851B}.Debug|x64.Build.0 = Debug|x64
		{9C3166D7-8103-4510-AAF1-BC106B1D851B}.Debug|x86.ActiveCfg = Debug|Win32
		{9C3166D7-8103-4510-AAF1-BC106B1D851B}.Debug|x86.Build.0 = Debug|Win32
		{9C3166D7-8103-4510-AAF1-BC106B1D851B}.Release|x64.ActiveCfg = Release|x64
		{9C3166D7-8103-4510-AAF1-BC106B1D851B}.Release|x64.Build.0 = Release|x64
		{9C3166D7-8103-4510-AAF1-BC106B1D851B}.Release|x86.ActiveCfg = Release|Win32
		{9C3166D7-8103-4510-AAF1-BC106B1D851B}.Release|x86.Build.0 = Release|Win32
	EndGlobalSection
	GlobalSection(SolutionProperties) = preSolution
		HideSolutionNode = FALSE
	EndGlobalSection
	GlobalSection(ExtensibilityGlobals) = postSolution
		SolutionGuid = {87559491-0A85-4F5E-AFFC-9DA525A871D0}
	EndGlobalSection
EndGlobal
